
Microsoft Visual Studio Solution File, Format Version 12.00
# Visual Studio Version 17
VisualStudioVersion = 17.12.35514.174 d17.12
MinimumVisualStudioVersion = 10.0.40219.1
Project("{FAE04EC0-301F-11D3-BF4B-00C04F79EFBC}") = "NTier.Entities", "NTier.Entities\NTier.Entities.csproj", "{AA8944E8-E078-4130-87F1-F702DC5C04ED}"
EndProject
Project("{FAE04EC0-301F-11D3-BF4B-00C04F79EFBC}") = "NTier.DataAccess", "NTier.DataAccess\NTier.DataAccess.csproj", "{5B829A04-487E-48AB-991B-4DB502299C74}"
EndProject
Project("{FAE04EC0-301F-11D3-BF4B-00C04F79EFBC}") = "NTier.Business", "NTier.Business\NTier.Business.csproj", "{C3C3DD9C-524B-45EB-B69A-1A6FB9AE04BE}"
EndProject
Project("{FAE04EC0-301F-11D3-BF4B-00C04F79EFBC}") = "NTier.WebApi", "NTier.WebApi\NTier.WebApi.csproj", "{43EF3014-9D69-48D6-8A5A-389F3BA122A1}"
EndProject
Global
	GlobalSection(SolutionConfigurationPlatforms) = preSolution
		Debug|Any CPU = Debug|Any CPU
		Release|Any CPU = Release|Any CPU
	EndGlobalSection
	GlobalSection(ProjectConfigurationPlatforms) = postSolution
		{AA8944E8-E078-4130-87F1-F702DC5C04ED}.Debug|Any CPU.ActiveCfg = Debug|Any CPU
		{AA8944E8-E078-4130-87F1-F702DC5C04ED}.Debug|Any CPU.Build.0 = Debug|Any CPU
		{AA8944E8-E078-4130-87F1-F702DC5C04ED}.Release|Any CPU.ActiveCfg = Release|Any CPU
		{AA8944E8-E078-4130-87F1-F702DC5C04ED}.Release|Any CPU.Build.0 = Release|Any CPU
		{5B829A04-487E-48AB-991B-4DB502299C74}.Debug|Any CPU.ActiveCfg = Debug|Any CPU
		{5B829A04-487E-48AB-991B-4DB502299C74}.Debug|Any CPU.Build.0 = Debug|Any CPU
		{5B829A04-487E-48AB-991B-4DB502299C74}.Release|Any CPU.ActiveCfg = Release|Any CPU
		{5B829A04-487E-48AB-991B-4DB502299C74}.Release|Any CPU.Build.0 = Release|Any CPU
		{C3C3DD9C-524B-45EB-B69A-1A6FB9AE04BE}.Debug|Any CPU.ActiveCfg = Debug|Any CPU
		{C3C3DD9C-524B-45EB-B69A-1A6FB9AE04BE}.Debug|Any CPU.Build.0 = Debug|Any CPU
		{C3C3DD9C-524B-45EB-B69A-1A6FB9AE04BE}.Release|Any CPU.ActiveCfg = Release|Any CPU
		{C3C3DD9C-524B-45EB-B69A-1A6FB9AE04BE}.Release|Any CPU.Build.0 = Release|Any CPU
		{43EF3014-9D69-48D6-8A5A-389F3BA122A1}.Debug|Any CPU.ActiveCfg = Debug|Any CPU
		{43EF3014-9D69-48D6-8A5A-389F3BA122A1}.Debug|Any CPU.Build.0 = Debug|Any CPU
		{43EF3014-9D69-48D6-8A5A-389F3BA122A1}.Release|Any CPU.ActiveCfg = Release|Any CPU
		{43EF3014-9D69-48D6-8A5A-389F3BA122A1}.Release|Any CPU.Build.0 = Release|Any CPU
	EndGlobalSection
	GlobalSection(SolutionProperties) = preSolution
		HideSolutionNode = FALSE
	EndGlobalSection
EndGlobal
